// !$*UTF8*$!
{
	archiveVersion = 1;
	classes = {
	};
	objectVersion = 77;
	objects = {

/* Begin PBXContainerItemProxy section */
		96DE95AF2CE9FBBC000659A9 /* PBXContainerItemProxy */ = {
			isa = PBXContainerItemProxy;
			containerPortal = 96DE95952CE9FBB9000659A9 /* Project object */;
			proxyType = 1;
			remoteGlobalIDString = 96DE959C2CE9FBB9000659A9;
			remoteInfo = DesignStudioApp;
		};
		96DE95B92CE9FBBC000659A9 /* PBXContainerItemProxy */ = {
			isa = PBXContainerItemProxy;
			containerPortal = 96DE95952CE9FBB9000659A9 /* Project object */;
			proxyType = 1;
			remoteGlobalIDString = 96DE959C2CE9FBB9000659A9;
			remoteInfo = DesignStudioApp;
		};
/* End PBXContainerItemProxy section */

/* Begin PBXFileReference section */
		96DE959D2CE9FBB9000659A9 /* DesignStudioApp.app */ = {isa = PBXFileReference; explicitFileType = wrapper.application; includeInIndex = 0; path = DesignStudioApp.app; sourceTree = BUILT_PRODUCTS_DIR; };
		96DE95AE2CE9FBBC000659A9 /* DesignStudioAppTests.xctest */ = {isa = PBXFileReference; explicitFileType = wrapper.cfbundle; includeInIndex = 0; path = DesignStudioAppTests.xctest; sourceTree = BUILT_PRODUCTS_DIR; };
		96DE95B82CE9FBBC000659A9 /* DesignStudioAppUITests.xctest */ = {isa = PBXFileReference; explicitFileType = wrapper.cfbundle; includeInIndex = 0; path = DesignStudioAppUITests.xctest; sourceTree = BUILT_PRODUCTS_DIR; };
/* End PBXFileReference section */

/* Begin PBXFileSystemSynchronizedRootGroup section */
		96DE959F2CE9FBB9000659A9 /* DesignStudioApp */ = {
			isa = PBXFileSystemSynchronizedRootGroup;
			path = DesignStudioApp;
			sourceTree = "<group>";
		};
		96DE95B12CE9FBBC000659A9 /* DesignStudioAppTests */ = {
			isa = PBXFileSystemSynchronizedRootGroup;
			path = DesignStudioAppTests;
			sourceTree = "<group>";
		};
		96DE95BB2CE9FBBC000659A9 /* DesignStudioAppUITests */ = {
			isa = PBXFileSystemSynchronizedRootGroup;
			path = DesignStudioAppUITests;
			sourceTree = "<group>";
		};
/* End PBXFileSystemSynchronizedRootGroup section */

/* Begin PBXFrameworksBuildPhase section */
		96DE959A2CE9FBB9000659A9 /* Frameworks */ = {
			isa = PBXFrameworksBuildPhase;
			buildActionMask = 2147483647;
			files = (
			);
			runOnlyForDeploymentPostprocessing = 0;
		};
		96DE95AB2CE9FBBC000659A9 /* Frameworks */ = {
			isa = PBXFrameworksBuildPhase;
			buildActionMask = 2147483647;
			files = (
			);
			runOnlyForDeploymentPostprocessing = 0;
		};
		96DE95B52CE9FBBC000659A9 /* Frameworks */ = {
			isa = PBXFrameworksBuildPhase;
			buildActionMask = 2147483647;
			files = (
			);
			runOnlyForDeploymentPostprocessing = 0;
		};
/* End PBXFrameworksBuildPhase section */

/* Begin PBXGroup section */
		96DE95942CE9FBB9000659A9 = {
			isa = PBXGroup;
			children = (
				96DE959F2CE9FBB9000659A9 /* DesignStudioApp */,
				96DE95B12CE9FBBC000659A9 /* DesignStudioAppTests */,
				96DE95BB2CE9FBBC000659A9 /* DesignStudioAppUITests */,
				96DE959E2CE9FBB9000659A9 /* Products */,
			);
			sourceTree = "<group>";
		};
		96DE959E2CE9FBB9000659A9 /* Products */ = {
			isa = PBXGroup;
			children = (
				96DE959D2CE9FBB9000659A9 /* DesignStudioApp.app */,
				96DE95AE2CE9FBBC000659A9 /* DesignStudioAppTests.xctest */,
				96DE95B82CE9FBBC000659A9 /* DesignStudioAppUITests.xctest */,
			);
			name = Products;
			sourceTree = "<group>";
		};
/* End PBXGroup section */

/* Begin PBXNativeTarget section */
		96DE959C2CE9FBB9000659A9 /* DesignStudioApp */ = {
			isa = PBXNativeTarget;
			buildConfigurationList = 96DE95C22CE9FBBC000659A9 /* Build configuration list for PBXNativeTarget "DesignStudioApp" */;
			buildPhases = (
				96DE95992CE9FBB9000659A9 /* Sources */,
				96DE959A2CE9FBB9000659A9 /* Frameworks */,
				96DE959B2CE9FBB9000659A9 /* Resources */,
			);
			buildRules = (
			);
			dependencies = (
			);
			fileSystemSynchronizedGroups = (
				96DE959F2CE9FBB9000659A9 /* DesignStudioApp */,
			);
			name = DesignStudioApp;
			packageProductDependencies = (
			);
			productName = DesignStudioApp;
			productReference = 96DE959D2CE9FBB9000659A9 /* DesignStudioApp.app */;
			productType = "com.apple.product-type.application";
		};
		96DE95AD2CE9FBBC000659A9 /* DesignStudioAppTests */ = {
			isa = PBXNativeTarget;
			buildConfigurationList = 96DE95C52CE9FBBC000659A9 /* Build configuration list for PBXNativeTarget "DesignStudioAppTests" */;
			buildPhases = (
				96DE95AA2CE9FBBC000659A9 /* Sources */,
				96DE95AB2CE9FBBC000659A9 /* Frameworks */,
				96DE95AC2CE9FBBC000659A9 /* Resources */,
			);
			buildRules = (
			);
			dependencies = (
				96DE95B02CE9FBBC000659A9 /* PBXTargetDependency */,
			);
			fileSystemSynchronizedGroups = (
				96DE95B12CE9FBBC000659A9 /* DesignStudioAppTests */,
			);
			name = DesignStudioAppTests;
			packageProductDependencies = (
			);
			productName = DesignStudioAppTests;
			productReference = 96DE95AE2CE9FBBC000659A9 /* DesignStudioAppTests.xctest */;
			productType = "com.apple.product-type.bundle.unit-test";
		};
		96DE95B72CE9FBBC000659A9 /* DesignStudioAppUITests */ = {
			isa = PBXNativeTarget;
			buildConfigurationList = 96DE95C82CE9FBBC000659A9 /* Build configuration list for PBXNativeTarget "DesignStudioAppUITests" */;
			buildPhases = (
				96DE95B42CE9FBBC000659A9 /* Sources */,
				96DE95B52CE9FBBC000659A9 /* Frameworks */,
				96DE95B62CE9FBBC000659A9 /* Resources */,
			);
			buildRules = (
			);
			dependencies = (
				96DE95BA2CE9FBBC000659A9 /* PBXTargetDependency */,
			);
			fileSystemSynchronizedGroups = (
				96DE95BB2CE9FBBC000659A9 /* DesignStudioAppUITests */,
			);
			name = DesignStudioAppUITests;
			packageProductDependencies = (
			);
			productName = DesignStudioAppUITests;
			productReference = 96DE95B82CE9FBBC000659A9 /* DesignStudioAppUITests.xctest */;
			productType = "com.apple.product-type.bundle.ui-testing";
		};
/* End PBXNativeTarget section */

/* Begin PBXProject section */
		96DE95952CE9FBB9000659A9 /* Project object */ = {
			isa = PBXProject;
			attributes = {
				BuildIndependentTargetsInParallel = 1;
				LastSwiftUpdateCheck = 1610;
				LastUpgradeCheck = 1610;
				TargetAttributes = {
					96DE959C2CE9FBB9000659A9 = {
						CreatedOnToolsVersion = 16.1;
					};
					96DE95AD2CE9FBBC000659A9 = {
						CreatedOnToolsVersion = 16.1;
						TestTargetID = 96DE959C2CE9FBB9000659A9;
					};
					96DE95B72CE9FBBC000659A9 = {
						CreatedOnToolsVersion = 16.1;
						TestTargetID = 96DE959C2CE9FBB9000659A9;
					};
				};
			};
			buildConfigurationList = 96DE95982CE9FBB9000659A9 /* Build configuration list for PBXProject "DesignStudioApp" */;
			developmentRegion = en;
			hasScannedForEncodings = 0;
			knownRegions = (
				en,
				Base,
			);
			mainGroup = 96DE95942CE9FBB9000659A9;
			minimizedProjectReferenceProxies = 1;
			preferredProjectObjectVersion = 77;
			productRefGroup = 96DE959E2CE9FBB9000659A9 /* Products */;
			projectDirPath = "";
			projectRoot = "";
			targets = (
				96DE959C2CE9FBB9000659A9 /* DesignStudioApp */,
				96DE95AD2CE9FBBC000659A9 /* DesignStudioAppTests */,
				96DE95B72CE9FBBC000659A9 /* DesignStudioAppUITests */,
			);
		};
/* End PBXProject section */

/* Begin PBXResourcesBuildPhase section */
		96DE959B2CE9FBB9000659A9 /* Resources */ = {
			isa = PBXResourcesBuildPhase;
			buildActionMask = 2147483647;
			files = (
			);
			runOnlyForDeploymentPostprocessing = 0;
		};
		96DE95AC2CE9FBBC000659A9 /* Resources */ = {
			isa = PBXResourcesBuildPhase;
			buildActionMask = 2147483647;
			files = (
			);
			runOnlyForDeploymentPostprocessing = 0;
		};
		96DE95B62CE9FBBC000659A9 /* Resources */ = {
			isa = PBXResourcesBuildPhase;
			buildActionMask = 2147483647;
			files = (
			);
			runOnlyForDeploymentPostprocessing = 0;
		};
/* End PBXResourcesBuildPhase section */

/* Begin PBXSourcesBuildPhase section */
		96DE95992CE9FBB9000659A9 /* Sources */ = {
			isa = PBXSourcesBuildPhase;
			buildActionMask = 2147483647;
			files = (
			);
			runOnlyForDeploymentPostprocessing = 0;
		};
		96DE95AA2CE9FBBC000659A9 /* Sources */ = {
			isa = PBXSourcesBuildPhase;
			buildActionMask = 2147483647;
			files = (
			);
			runOnlyForDeploymentPostprocessing = 0;
		};
		96DE95B42CE9FBBC000659A9 /* Sources */ = {
			isa = PBXSourcesBuildPhase;
			buildActionMask = 2147483647;
			files = (
			);
			runOnlyForDeploymentPostprocessing = 0;
		};
/* End PBXSourcesBuildPhase section */

/* Begin PBXTargetDependency section */
		96DE95B02CE9FBBC000659A9 /* PBXTargetDependency */ = {
			isa = PBXTargetDependency;
			target = 96DE959C2CE9FBB9000659A9 /* DesignStudioApp */;
			targetProxy = 96DE95AF2CE9FBBC000659A9 /* PBXContainerItemProxy */;
		};
		96DE95BA2CE9FBBC000659A9 /* PBXTargetDependency */ = {
			isa = PBXTargetDependency;
			target = 96DE959C2CE9FBB9000659A9 /* DesignStudioApp */;
			targetProxy = 96DE95B92CE9FBBC000659A9 /* PBXContainerItemProxy */;
		};
/* End PBXTargetDependency section */

/* Begin XCBuildConfiguration section */
		96DE95C02CE9FBBC000659A9 /* Debug */ = {
			isa = XCBuildConfiguration;
			buildSettings = {
				ALWAYS_SEARCH_USER_PATHS = NO;
				ASSETCATALOG_COMPILER_GENERATE_SWIFT_ASSET_SYMBOL_EXTENSIONS = YES;
				CLANG_ANALYZER_NONNULL = YES;
				CLANG_ANALYZER_NUMBER_OBJECT_CONVERSION = YES_AGGRESSIVE;
				CLANG_CXX_LANGUAGE_STANDARD = "gnu++20";
				CLANG_ENABLE_MODULES = YES;
				CLANG_ENABLE_OBJC_ARC = YES;
				CLANG_ENABLE_OBJC_WEAK = YES;
				CLANG_WARN_BLOCK_CAPTURE_AUTORELEASING = YES;
				CLANG_WARN_BOOL_CONVERSION = YES;
				CLANG_WARN_COMMA = YES;
				CLANG_WARN_CONSTANT_CONVERSION = YES;
				CLANG_WARN_DEPRECATED_OBJC_IMPLEMENTATIONS = YES;
				CLANG_WARN_DIRECT_OBJC_ISA_USAGE = YES_ERROR;
				CLANG_WARN_DOCUMENTATION_COMMENTS = YES;
				CLANG_WARN_EMPTY_BODY = YES;
				CLANG_WARN_ENUM_CONVERSION = YES;
				CLANG_WARN_INFINITE_RECURSION = YES;
				CLANG_WARN_INT_CONVERSION = YES;
				CLANG_WARN_NON_LITERAL_NULL_CONVERSION = YES;
				CLANG_WARN_OBJC_IMPLICIT_RETAIN_SELF = YES;
				CLANG_WARN_OBJC_LITERAL_CONVERSION = YES;
				CLANG_WARN_OBJC_ROOT_CLASS = YES_ERROR;
				CLANG_WARN_QUOTED_INCLUDE_IN_FRAMEWORK_HEADER = YES;
				CLANG_WARN_RANGE_LOOP_ANALYSIS = YES;
				CLANG_WARN_STRICT_PROTOTYPES = YES;
				CLANG_WARN_SUSPICIOUS_MOVE = YES;
				CLANG_WARN_UNGUARDED_AVAILABILITY = YES_AGGRESSIVE;
				CLANG_WARN_UNREACHABLE_CODE = YES;
				CLANG_WARN__DUPLICATE_METHOD_MATCH = YES;
				COPY_PHASE_STRIP = NO;
				DEBUG_INFORMATION_FORMAT = dwarf;
				ENABLE_STRICT_OBJC_MSGSEND = YES;
				ENABLE_TESTABILITY = YES;
				ENABLE_USER_SCRIPT_SANDBOXING = YES;
				GCC_C_LANGUAGE_STANDARD = gnu17;
				GCC_DYNAMIC_NO_PIC = NO;
				GCC_NO_COMMON_BLOCKS = YES;
				GCC_OPTIMIZATION_LEVEL = 0;
				GCC_PREPROCESSOR_DEFINITIONS = (
					"DEBUG=1",
					"$(inherited)",
				);
				GCC_WARN_64_TO_32_BIT_CONVERSION = YES;
				GCC_WARN_ABOUT_RETURN_TYPE = YES_ERROR;
				GCC_WARN_UNDECLARED_SELECTOR = YES;
				GCC_WARN_UNINITIALIZED_AUTOS = YES_AGGRESSIVE;
				GCC_WARN_UNUSED_FUNCTION = YES;
				GCC_WARN_UNUSED_VARIABLE = YES;
				LOCALIZATION_PREFERS_STRING_CATALOGS = YES;
				MACOSX_DEPLOYMENT_TARGET = 11.5;
				MTL_ENABLE_DEBUG_INFO = INCLUDE_SOURCE;
				MTL_FAST_MATH = YES;
				ONLY_ACTIVE_ARCH = YES;
				SDKROOT = macosx;
				SWIFT_ACTIVE_COMPILATION_CONDITIONS = "DEBUG $(inherited)";
				SWIFT_OPTIMIZATION_LEVEL = "-Onone";
			};
			name = Debug;
		};
		96DE95C12CE9FBBC000659A9 /* Release */ = {
			isa = XCBuildConfiguration;
			buildSettings = {
				ALWAYS_SEARCH_USER_PATHS = NO;
				ASSETCATALOG_COMPILER_GENERATE_SWIFT_ASSET_SYMBOL_EXTENSIONS = YES;
				CLANG_ANALYZER_NONNULL = YES;
				CLANG_ANALYZER_NUMBER_OBJECT_CONVERSION = YES_AGGRESSIVE;
				CLANG_CXX_LANGUAGE_STANDARD = "gnu++20";
				CLANG_ENABLE_MODULES = YES;
				CLANG_ENABLE_OBJC_ARC = YES;
				CLANG_ENABLE_OBJC_WEAK = YES;
				CLANG_WARN_BLOCK_CAPTURE_AUTORELEASING = YES;
				CLANG_WARN_BOOL_CONVERSION = YES;
				CLANG_WARN_COMMA = YES;
				CLANG_WARN_CONSTANT_CONVERSION = YES;
				CLANG_WARN_DEPRECATED_OBJC_IMPLEMENTATIONS = YES;
				CLANG_WARN_DIRECT_OBJC_ISA_USAGE = YES_ERROR;
				CLANG_WARN_DOCUMENTATION_COMMENTS = YES;
				CLANG_WARN_EMPTY_BODY = YES;
				CLANG_WARN_ENUM_CONVERSION = YES;
				CLANG_WARN_INFINITE_RECURSION = YES;
				CLANG_WARN_INT_CONVERSION = YES;
				CLANG_WARN_NON_LITERAL_NULL_CONVERSION = YES;
				CLANG_WARN_OBJC_IMPLICIT_RETAIN_SELF = YES;
				CLANG_WARN_OBJC_LITERAL_CONVERSION = YES;
				CLANG_WARN_OBJC_ROOT_CLASS = YES_ERROR;
				CLANG_WARN_QUOTED_INCLUDE_IN_FRAMEWORK_HEADER = YES;
				CLANG_WARN_RANGE_LOOP_ANALYSIS = YES;
				CLANG_WARN_STRICT_PROTOTYPES = YES;
				CLANG_WARN_SUSPICIOUS_MOVE = YES;
				CLANG_WARN_UNGUARDED_AVAILABILITY = YES_AGGRESSIVE;
				CLANG_WARN_UNREACHABLE_CODE = YES;
				CLANG_WARN__DUPLICATE_METHOD_MATCH = YES;
				COPY_PHASE_STRIP = NO;
				DEBUG_INFORMATION_FORMAT = "dwarf-with-dsym";
				ENABLE_NS_ASSERTIONS = NO;
				ENABLE_STRICT_OBJC_MSGSEND = YES;
				ENABLE_USER_SCRIPT_SANDBOXING = YES;
				GCC_C_LANGUAGE_STANDARD = gnu17;
				GCC_NO_COMMON_BLOCKS = YES;
				GCC_WARN_64_TO_32_BIT_CONVERSION = YES;
				GCC_WARN_ABOUT_RETURN_TYPE = YES_ERROR;
				GCC_WARN_UNDECLARED_SELECTOR = YES;
				GCC_WARN_UNINITIALIZED_AUTOS = YES_AGGRESSIVE;
				GCC_WARN_UNUSED_FUNCTION = YES;
				GCC_WARN_UNUSED_VARIABLE = YES;
				LOCALIZATION_PREFERS_STRING_CATALOGS = YES;
				MACOSX_DEPLOYMENT_TARGET = 11.5;
				MTL_ENABLE_DEBUG_INFO = NO;
				MTL_FAST_MATH = YES;
				SDKROOT = macosx;
				SWIFT_COMPILATION_MODE = wholemodule;
			};
			name = Release;
		};
		96DE95C32CE9FBBC000659A9 /* Debug */ = {
			isa = XCBuildConfiguration;
			buildSettings = {
				ASSETCATALOG_COMPILER_APPICON_NAME = AppIcon;
				ASSETCATALOG_COMPILER_GLOBAL_ACCENT_COLOR_NAME = AccentColor;
				CODE_SIGN_ENTITLEMENTS = DesignStudioApp/DesignStudioApp.entitlements;
				CODE_SIGN_STYLE = Automatic;
				COMBINE_HIDPI_IMAGES = YES;
				CURRENT_PROJECT_VERSION = 1;
				DEVELOPMENT_ASSET_PATHS = "\"DesignStudioApp/Preview Content\"";
				DEVELOPMENT_TEAM = 4B7R3VBW5K;
				ENABLE_HARDENED_RUNTIME = YES;
				ENABLE_PREVIEWS = YES;
				GENERATE_INFOPLIST_FILE = YES;
				INFOPLIST_KEY_CFBundleDisplayName = "Design Studio";
				INFOPLIST_KEY_LSApplicationCategoryType = "public.app-category.lifestyle";
				INFOPLIST_KEY_NSHumanReadableCopyright = "";
				LD_RUNPATH_SEARCH_PATHS = (
					"$(inherited)",
					"@executable_path/../Frameworks",
				);
				MACOSX_DEPLOYMENT_TARGET = 11.5;
				MARKETING_VERSION = 1.0;
				PRODUCT_BUNDLE_IDENTIFIER = com.sssoftech.DesignStudioApp;
				PRODUCT_NAME = "$(TARGET_NAME)";
				SWIFT_EMIT_LOC_STRINGS = YES;
				SWIFT_VERSION = 5.0;
			};
			name = Debug;
		};
		96DE95C42CE9FBBC000659A9 /* Release */ = {
			isa = XCBuildConfiguration;
			buildSettings = {
				ASSETCATALOG_COMPILER_APPICON_NAME = AppIcon;
				ASSETCATALOG_COMPILER_GLOBAL_ACCENT_COLOR_NAME = AccentColor;
				CODE_SIGN_ENTITLEMENTS = DesignStudioApp/DesignStudioApp.entitlements;
				CODE_SIGN_STYLE = Automatic;
				COMBINE_HIDPI_IMAGES = YES;
				CURRENT_PROJECT_VERSION = 1;
				DEVELOPMENT_ASSET_PATHS = "\"DesignStudioApp/Preview Content\"";
				DEVELOPMENT_TEAM = 4B7R3VBW5K;
				ENABLE_HARDENED_RUNTIME = YES;
				ENABLE_PREVIEWS = YES;
				GENERATE_INFOPLIST_FILE = YES;
				INFOPLIST_KEY_CFBundleDisplayName = "Design Studio";
				INFOPLIST_KEY_LSApplicationCategoryType = "public.app-category.lifestyle";
				INFOPLIST_KEY_NSHumanReadableCopyright = "";
				LD_RUNPATH_SEARCH_PATHS = (
					"$(inherited)",
					"@executable_path/../Frameworks",
				);
				MACOSX_DEPLOYMENT_TARGET = 11.5;
				MARKETING_VERSION = 1.0;
				PRODUCT_BUNDLE_IDENTIFIER = com.sssoftech.DesignStudioApp;
				PRODUCT_NAME = "$(TARGET_NAME)";
				SWIFT_EMIT_LOC_STRINGS = YES;
				SWIFT_VERSION = 5.0;
			};
			name = Release;
		};
		96DE95C62CE9FBBC000659A9 /* Debug */ = {
			isa = XCBuildConfiguration;
			buildSettings = {
				BUNDLE_LOADER = "$(TEST_HOST)";
				CODE_SIGN_STYLE = Automatic;
				CURRENT_PROJECT_VERSION = 1;
				DEVELOPMENT_TEAM = 4B7R3VBW5K;
				GENERATE_INFOPLIST_FILE = YES;
				MACOSX_DEPLOYMENT_TARGET = 11.5;
				MARKETING_VERSION = 1.0;
				PRODUCT_BUNDLE_IDENTIFIER = com.sssoftech.DesignStudioAppTests;
				PRODUCT_NAME = "$(TARGET_NAME)";
				SWIFT_EMIT_LOC_STRINGS = NO;
				SWIFT_VERSION = 5.0;
				TEST_HOST = "$(BUILT_PRODUCTS_DIR)/DesignStudioApp.app/$(BUNDLE_EXECUTABLE_FOLDER_PATH)/DesignStudioApp";
			};
			name = Debug;
		};
		96DE95C72CE9FBBC000659A9 /* Release */ = {
			isa = XCBuildConfiguration;
			buildSettings = {
				BUNDLE_LOADER = "$(TEST_HOST)";
				CODE_SIGN_STYLE = Automatic;
				CURRENT_PROJECT_VERSION = 1;
				DEVELOPMENT_TEAM = 4B7R3VBW5K;
				GENERATE_INFOPLIST_FILE = YES;
				MACOSX_DEPLOYMENT_TARGET = 11.5;
				MARKETING_VERSION = 1.0;
				PRODUCT_BUNDLE_IDENTIFIER = com.sssoftech.DesignStudioAppTests;
				PRODUCT_NAME = "$(TARGET_NAME)";
				SWIFT_EMIT_LOC_STRINGS = NO;
				SWIFT_VERSION = 5.0;
				TEST_HOST = "$(BUILT_PRODUCTS_DIR)/DesignStudioApp.app/$(BUNDLE_EXECUTABLE_FOLDER_PATH)/DesignStudioApp";
			};
			name = Release;
		};
		96DE95C92CE9FBBC000659A9 /* Debug */ = {
			isa = XCBuildConfiguration;
			buildSettings = {
				CODE_SIGN_STYLE = Automatic;
				CURRENT_PROJECT_VERSION = 1;
				DEVELOPMENT_TEAM = 4B7R3VBW5K;
				GENERATE_INFOPLIST_FILE = YES;
				MARKETING_VERSION = 1.0;
				PRODUCT_BUNDLE_IDENTIFIER = com.sssoftech.DesignStudioAppUITests;
				PRODUCT_NAME = "$(TARGET_NAME)";
				SWIFT_EMIT_LOC_STRINGS = NO;
				SWIFT_VERSION = 5.0;
				TEST_TARGET_NAME = DesignStudioApp;
			};
			name = Debug;
		};
		96DE95CA2CE9FBBC000659A9 /* Release */ = {
			isa = XCBuildConfiguration;
			buildSettings = {
				CODE_SIGN_STYLE = Automatic;
				CURRENT_PROJECT_VERSION = 1;
				DEVELOPMENT_TEAM = 4B7R3VBW5K;
				GENERATE_INFOPLIST_FILE = YES;
				MARKETING_VERSION = 1.0;
				PRODUCT_BUNDLE_IDENTIFIER = com.sssoftech.DesignStudioAppUITests;
				PRODUCT_NAME = "$(TARGET_NAME)";
				SWIFT_EMIT_LOC_STRINGS = NO;
				SWIFT_VERSION = 5.0;
				TEST_TARGET_NAME = DesignStudioApp;
			};
			name = Release;
		};
/* End XCBuildConfiguration section */

/* Begin XCConfigurationList section */
		96DE95982CE9FBB9000659A9 /* Build configuration list for PBXProject "DesignStudioApp" */ = {
			isa = XCConfigurationList;
			buildConfigurations = (
				96DE95C02CE9FBBC000659A9 /* Debug */,
				96DE95C12CE9FBBC000659A9 /* Release */,
			);
			defaultConfigurationIsVisible = 0;
			defaultConfigurationName = Release;
		};
		96DE95C22CE9FBBC000659A9 /* Build configuration list for PBXNativeTarget "DesignStudioApp" */ = {
			isa = XCConfigurationList;
			buildConfigurations = (
				96DE95C32CE9FBBC000659A9 /* Debug */,
				96DE95C42CE9FBBC000659A9 /* Release */,
			);
			defaultConfigurationIsVisible = 0;
			defaultConfigurationName = Release;
		};
		96DE95C52CE9FBBC000659A9 /* Build configuration list for PBXNativeTarget "DesignStudioAppTests" */ = {
			isa = XCConfigurationList;
			buildConfigurations = (
				96DE95C62CE9FBBC000659A9 /* Debug */,
				96DE95C72CE9FBBC000659A9 /* Release */,
			);
			defaultConfigurationIsVisible = 0;
			defaultConfigurationName = Release;
		};
		96DE95C82CE9FBBC000659A9 /* Build configuration list for PBXNativeTarget "DesignStudioAppUITests" */ = {
			isa = XCConfigurationList;
			buildConfigurations = (
				96DE95C92CE9FBBC000659A9 /* Debug */,
				96DE95CA2CE9FBBC000659A9 /* Release */,
			);
			defaultConfigurationIsVisible = 0;
			defaultConfigurationName = Release;
		};
/* End XCConfigurationList section */
	};
	rootObject = 96DE95952CE9FBB9000659A9 /* Project object */;
}
